<?xml version="1.0" encoding="utf-8"?>
<Project ToolsVersion="4.0" xmlns="http://schemas.microsoft.com/developer/msbuild/2003">
  <ItemGroup>
    <ClCompile Include="01.Template\3_VirtualClassTemplate.cpp">
      <Filter>01.Template</Filter>
    </ClCompile>
    <ClCompile Include="01.Template\1_template.cpp">
      <Filter>01.Template</Filter>
    </ClCompile>
    <ClCompile Include="01.Template\2_ClassTemplate.cpp">
      <Filter>01.Template</Filter>
    </ClCompile>
    <ClCompile Include="02.List\01_STLArray.cpp">
      <Filter>02.List</Filter>
    </ClCompile>
    <ClCompile Include="02.List\02_Execute.cpp">
      <Filter>02.List</Filter>
    </ClCompile>
    <ClCompile Include="02.List\02_LinkedList.cpp">
      <Filter>02.List</Filter>
    </ClCompile>
    <ClCompile Include="03.DoublyLinkedList\Execute.cpp">
      <Filter>03.DoublyLinkedList</Filter>
    </ClCompile>
    <ClCompile Include="03.DoublyLinkedList\DoublyLinkedLisk.cpp">
      <Filter>03.DoublyLinkedList</Filter>
    </ClCompile>
  </ItemGroup>
  <ItemGroup>
    <Filter Include="02.List">
      <UniqueIdentifier>{24f65f57-7b61-4b1b-8152-8c879656adf3}</UniqueIdentifier>
    </Filter>
    <Filter Include="01.Template">
      <UniqueIdentifier>{fbb0e5bc-156a-40c5-9789-b259490d0240}</UniqueIdentifier>
    </Filter>
    <Filter Include="03.DoublyLinkedList">
      <UniqueIdentifier>{da402ff0-86ac-45ef-89c0-e3973d7d2135}</UniqueIdentifier>
    </Filter>
  </ItemGroup>
  <ItemGroup>
    <ClInclude Include="02.List\02_LinkedList.h">
      <Filter>02.List</Filter>
    </ClInclude>
    <ClInclude Include="03.DoublyLinkedList\DoublyLinkedLisk.h">
      <Filter>03.DoublyLinkedList</Filter>
    </ClInclude>
  </ItemGroup>
</Project>